
Microsoft Visual Studio Solution File, Format Version 12.00
# Visual Studio 15
VisualStudioVersion = 15.0.28307.1525
MinimumVisualStudioVersion = 10.0.40219.1
Project("{FAE04EC0-301F-11D3-BF4B-00C04F79EFBC}") = "Quiz Application", "Quiz Application\Quiz Application.csproj", "{86002CBA-5D28-4C77-9DFD-F8AC3FB3A832}"
EndProject
Global
	GlobalSection(SolutionConfigurationPlatforms) = preSolution
		Debug|Any CPU = Debug|Any CPU
		Release|Any CPU = Release|Any CPU
	EndGlobalSection
	GlobalSection(ProjectConfigurationPlatforms) = postSolution
		{86002CBA-5D28-4C77-9DFD-F8AC3FB3A832}.Debug|Any CPU.ActiveCfg = Debug|Any CPU
		{86002CBA-5D28-4C77-9DFD-F8AC3FB3A832}.Debug|Any CPU.Build.0 = Debug|Any CPU
		{86002CBA-5D28-4C77-9DFD-F8AC3FB3A832}.Release|Any CPU.ActiveCfg = Release|Any CPU
		{86002CBA-5D28-4C77-9DFD-F8AC3FB3A832}.Release|Any CPU.Build.0 = Release|Any CPU
	EndGlobalSection
	GlobalSection(SolutionProperties) = preSolution
		HideSolutionNode = FALSE
	EndGlobalSection
	GlobalSection(ExtensibilityGlobals) = postSolution
		SolutionGuid = {8A7DE914-8764-4984-9787-20B8BBA403D9}
	EndGlobalSection
EndGlobal
